version = 1
revision = 3
requires-python = "==3.12.*"

[[package]]
name = "aiohttp"
version = "3.7.4.post0"
source = { registry = "https://pypi.org/simple" }
dependencies = [
    { name = "async-timeout" },
    { name = "attrs" },
    { name = "chardet" },
    { name = "multidict" },
    { name = "typing-extensions" },
    { name = "yarl" },
]
sdist = { url = "https://files.pythonhosted.org/packages/99/f5/90ede947a3ce2d6de1614799f5fea4e93c19b6520a59dc5d2f64123b032f/aiohttp-3.7.4.post0.tar.gz", hash = "sha256:493d3299ebe5f5a7c66b9819eacdcfbbaaf1a8e84911ddffcdc48888497afecf", size = 1114888, upload-time = "2021-03-06T21:04:48.59Z" }

[[package]]
name = "async-timeout"
version = "3.0.1"
source = { registry = "https://pypi.org/simple" }
sdist = { url = "https://files.pythonhosted.org/packages/a1/78/aae1545aba6e87e23ecab8d212b58bb70e72164b67eb090b81bb17ad38e3/async-timeout-3.0.1.tar.gz", hash = "sha256:0c3c816a028d47f659d6ff5c745cb2acf1f966da1fe5c19c77a70282b25f4c5f", size = 9724, upload-time = "2018-10-09T07:13:31.192Z" }
wheels = [
    { url = "https://files.pythonhosted.org/packages/e1/1e/5a4441be21b0726c4464f3f23c8b19628372f606755a9d2e46c187e65ec4/async_timeout-3.0.1-py3-none-any.whl", hash = "sha256:4291ca197d287d274d0b6cb5d6f8f8f82d434ed288f962539ff18cc9012f9ea3", size = 8247, upload-time = "2018-10-09T07:13:30.313Z" },
]

[[package]]
name = "attrs"
version = "26.1.0"
source = { registry = "https://pypi.org/simple" }
sdist = { url = "https://files.pythonhosted.org/packages/9a/8e/82a0fe20a541c03148528be8cac2408564a6c9a0cc7e9171802bc1d26985/attrs-26.1.0.tar.gz", hash = "sha256:d03ceb89cb322a8fd706d4fb91940737b6642aa36998fe130a9bc96c985eff32", size = 952055, upload-time = "2026-03-19T14:22:25.026Z" }
wheels = [
    { url = "https://files.pythonhosted.org/packages/64/b4/17d4b0b2a2dc85a6df63d1157e028ed19f90d4cd97c36717afef2bc2f395/attrs-26.1.0-py3-none-any.whl", hash = "sha256:c647aa4a12dfbad9333ca4e71fe62ddc36f4e63b2d260a37a8b83d2f043ac309", size = 67548, upload-time = "2026-03-19T14:22:23.645Z" },
]

[[package]]
name = "beautifulsoup4"
version = "4.14.3"
source = { registry = "https://pypi.org/simple" }
dependencies = [
    { name = "soupsieve" },
    { name = "typing-extensions" },
]
sdist = { url = "https://files.pythonhosted.org/packages/c3/b0/1c6a16426d389813b48d95e26898aff79abbde42ad353958ad95cc8c9b21/beautifulsoup4-4.14.3.tar.gz", hash = "sha256:6292b1c5186d356bba669ef9f7f051757099565ad9ada5dd630bd9de5fa7fb86", size = 627737, upload-time = "2025-11-30T15:08:26.084Z" }
wheels = [
    { url = "https://files.pythonhosted.org/packages/1a/39/47f9197bdd44df24d67ac8893641e16f386c984a0619ef2ee4c51fbbc019/beautifulsoup4-4.14.3-py3-none-any.whl", hash = "sha256:0918bfe44902e6ad8d57732ba310582e98da931428d231a5ecb9e7c703a735bb", size = 107721, upload-time = "2025-11-30T15:08:24.087Z" },
]

[[package]]
name = "betterproto"
version = "1.2.5"
source = { registry = "https://pypi.org/simple" }
dependencies = [
    { name = "grpclib" },
    { name = "stringcase" },
]
sdist = { url = "https://files.pythonhosted.org/packages/ff/2e/abfed7a721928e14aeb900182ff695be474c4ee5f07ef0874cc5ecd5b0b1/betterproto-1.2.5.tar.gz", hash = "sha256:74a3ab34646054f674d236d1229ba8182dc2eae86feb249b8590ef496ce9803d", size = 26098, upload-time = "2020-05-27T11:47:32.777Z" }

[[package]]
name = "blinker"
version = "1.9.0"
source = { registry = "https://pypi.org/simple" }
sdist = { url = "https://files.pythonhosted.org/packages/21/28/9b3f50ce0e048515135495f198351908d99540d69bfdc8c1d15b73dc55ce/blinker-1.9.0.tar.gz", hash = "sha256:b4ce2265a7abece45e7cc896e98dbebe6cead56bcf805a3d23136d145f5445bf", size = 22460, upload-time = "2024-11-08T17:25:47.436Z" }
wheels = [
    { url = "https://files.pythonhosted.org/packages/10/cb/f2ad4230dc2eb1a74edf38f1a38b9b52277f75bef262d8908e60d957e13c/blinker-1.9.0-py3-none-any.whl", hash = "sha256:ba0efaa9080b619ff2f3459d1d500c57bddea4a6b424b60a91141db6fd2f08bc", size = 8458, upload-time = "2024-11-08T17:25:46.184Z" },
]

[[package]]
name = "chardet"
version = "4.0.0"
source = { registry = "https://pypi.org/simple" }
sdist = { url = "https://files.pythonhosted.org/packages/ee/2d/9cdc2b527e127b4c9db64b86647d567985940ac3698eeabc7ffaccb4ea61/chardet-4.0.0.tar.gz", hash = "sha256:0d6f53a15db4120f2b08c94f11e7d93d2c911ee118b6b30a04ec3ee8310179fa", size = 1907771, upload-time = "2020-12-10T19:35:33.971Z" }
wheels = [
    { url = "https://files.pythonhosted.org/packages/19/c7/fa589626997dd07bd87d9269342ccb74b1720384a4d739a1872bd84fbe68/chardet-4.0.0-py2.py3-none-any.whl", hash = "sha256:f864054d66fd9118f2e67044ac8981a54775ec5b67aed0441892edb553d21da5", size = 178743, upload-time = "2020-12-10T19:35:32.469Z" },
]

[[package]]
name = "click"
version = "8.3.1"
source = { registry = "https://pypi.org/simple" }
dependencies = [
    { name = "colorama", marker = "sys_platform == 'win32'" },
]
sdist = { url = "https://files.pythonhosted.org/packages/3d/fa/656b739db8587d7b5dfa22e22ed02566950fbfbcdc20311993483657a5c0/click-8.3.1.tar.gz", hash = "sha256:12ff4785d337a1bb490bb7e9c2b1ee5da3112e94a8622f26a6c77f5d2fc6842a", size = 295065, upload-time = "2025-11-15T20:45:42.706Z" }
wheels = [
    { url = "https://files.pythonhosted.org/packages/98/78/01c019cdb5d6498122777c1a43056ebb3ebfeef2076d9d026bfe15583b2b/click-8.3.1-py3-none-any.whl", hash = "sha256:981153a64e25f12d547d3426c367a4857371575ee7ad18df2a6183ab0545b2a6", size = 108274, upload-time = "2025-11-15T20:45:41.139Z" },
]

[[package]]
name = "colorama"
version = "0.4.6"
source = { registry = "https://pypi.org/simple" }
sdist = { url = "https://files.pythonhosted.org/packages/d8/53/6f443c9a4a8358a93a6792e2acffb9d9d5cb0a5cfd8802644b7b1c9a02e4/colorama-0.4.6.tar.gz", hash = "sha256:08695f5cb7ed6e0531a20572697297273c47b8cae5a63ffc6d6ed5c201be6e44", size = 27697, upload-time = "2022-10-25T02:36:22.414Z" }
wheels = [
    { url = "https://files.pythonhosted.org/packages/d1/d6/3965ed04c63042e047cb6a3e6ed1a63a35087b6a609aa3a15ed8ac56c221/colorama-0.4.6-py2.py3-none-any.whl", hash = "sha256:4f1d9991f5acc0ca119f9d443620b77f9d6b33703e51011c16baf57afb285fc6", size = 25335, upload-time = "2022-10-25T02:36:20.889Z" },
]

[[package]]
name = "dotenv"
version = "0.9.9"
source = { registry = "https://pypi.org/simple" }
dependencies = [
    { name = "python-dotenv" },
]
wheels = [
    { url = "https://files.pythonhosted.org/packages/b2/b7/545d2c10c1fc15e48653c91efde329a790f2eecfbbf2bd16003b5db2bab0/dotenv-0.9.9-py2.py3-none-any.whl", hash = "sha256:29cf74a087b31dafdb5a446b6d7e11cbce8ed2741540e2339c69fbef92c94ce9", size = 1892, upload-time = "2025-02-19T22:15:01.647Z" },
]

[[package]]
name = "flask"
version = "3.1.3"
source = { registry = "https://pypi.org/simple" }
dependencies = [
    { name = "blinker" },
    { name = "click" },
    { name = "itsdangerous" },
    { name = "jinja2" },
    { name = "markupsafe" },
    { name = "werkzeug" },
]
sdist = { url = "https://files.pythonhosted.org/packages/26/00/35d85dcce6c57fdc871f3867d465d780f302a175ea360f62533f12b27e2b/flask-3.1.3.tar.gz", hash = "sha256:0ef0e52b8a9cd932855379197dd8f94047b359ca0a78695144304cb45f87c9eb", size = 759004, upload-time = "2026-02-19T05:00:57.678Z" }
wheels = [
    { url = "https://files.pythonhosted.org/packages/7f/9c/34f6962f9b9e9c71f6e5ed806e0d0ff03c9d1b0b2340088a0cf4bce09b18/flask-3.1.3-py3-none-any.whl", hash = "sha256:f4bcbefc124291925f1a26446da31a5178f9483862233b23c0c96a20701f670c", size = 103424, upload-time = "2026-02-19T05:00:56.027Z" },
]

[[package]]
name = "grpclib"
version = "0.4.9"
source = { registry = "https://pypi.org/simple" }
dependencies = [
    { name = "h2" },
    { name = "multidict" },
]
sdist = { url = "https://files.pythonhosted.org/packages/5b/28/5a2c299ec82a876a252c5919aa895a6f1d1d35c96417c5ce4a4660dc3a80/grpclib-0.4.9.tar.gz", hash = "sha256:cc589c330fa81004c6400a52a566407574498cb5b055fa927013361e21466c46", size = 84798, upload-time = "2025-12-14T22:23:14.349Z" }
wheels = [
    { url = "https://files.pythonhosted.org/packages/5c/90/b0cbbd9efcc82816c58f31a34963071aa19fb792a212a5d9caf8e0fc3097/grpclib-0.4.9-py3-none-any.whl", hash = "sha256:7762ec1c8ed94dfad597475152dd35cbd11aecaaca2f243e29702435ca24cf0e", size = 77063, upload-time = "2025-12-14T22:23:13.224Z" },
]

[[package]]
name = "h2"
version = "4.3.0"
source = { registry = "https://pypi.org/simple" }
dependencies = [
    { name = "hpack" },
    { name = "hyperframe" },
]
sdist = { url = "https://files.pythonhosted.org/packages/1d/17/afa56379f94ad0fe8defd37d6eb3f89a25404ffc71d4d848893d270325fc/h2-4.3.0.tar.gz", hash = "sha256:6c59efe4323fa18b47a632221a1888bd7fde6249819beda254aeca909f221bf1", size = 2152026, upload-time = "2025-08-23T18:12:19.778Z" }
wheels = [
    { url = "https://files.pythonhosted.org/packages/69/b2/119f6e6dcbd96f9069ce9a2665e0146588dc9f88f29549711853645e736a/h2-4.3.0-py3-none-any.whl", hash = "sha256:c438f029a25f7945c69e0ccf0fb951dc3f73a5f6412981daee861431b70e2bdd", size = 61779, upload-time = "2025-08-23T18:12:17.779Z" },
]

[[package]]
name = "hpack"
version = "4.1.0"
source = { registry = "https://pypi.org/simple" }
sdist = { url = "https://files.pythonhosted.org/packages/2c/48/71de9ed269fdae9c8057e5a4c0aa7402e8bb16f2c6e90b3aa53327b113f8/hpack-4.1.0.tar.gz", hash = "sha256:ec5eca154f7056aa06f196a557655c5b009b382873ac8d1e66e79e87535f1dca", size = 51276, upload-time = "2025-01-22T21:44:58.347Z" }
wheels = [
    { url = "https://files.pythonhosted.org/packages/07/c6/80c95b1b2b94682a72cbdbfb85b81ae2daffa4291fbfa1b1464502ede10d/hpack-4.1.0-py3-none-any.whl", hash = "sha256:157ac792668d995c657d93111f46b4535ed114f0c9c8d672271bbec7eae1b496", size = 34357, upload-time = "2025-01-22T21:44:56.92Z" },
]

[[package]]
name = "hyperframe"
version = "6.1.0"
source = { registry = "https://pypi.org/simple" }
sdist = { url = "https://files.pythonhosted.org/packages/02/e7/94f8232d4a74cc99514c13a9f995811485a6903d48e5d952771ef6322e30/hyperframe-6.1.0.tar.gz", hash = "sha256:f630908a00854a7adeabd6382b43923a4c4cd4b821fcb527e6ab9e15382a3b08", size = 26566, upload-time = "2025-01-22T21:41:49.302Z" }
wheels = [
    { url = "https://files.pythonhosted.org/packages/48/30/47d0bf6072f7252e6521f3447ccfa40b421b6824517f82854703d0f5a98b/hyperframe-6.1.0-py3-none-any.whl", hash = "sha256:b03380493a519fce58ea5af42e4a42317bf9bd425596f7a0835ffce80f1a42e5", size = 13007, upload-time = "2025-01-22T21:41:47.295Z" },
]

[[package]]
name = "idna"
version = "3.11"
source = { registry = "https://pypi.org/simple" }
sdist = { url = "https://files.pythonhosted.org/packages/6f/6d/0703ccc57f3a7233505399edb88de3cbd678da106337b9fcde432b65ed60/idna-3.11.tar.gz", hash = "sha256:795dafcc9c04ed0c1fb032c2aa73654d8e8c5023a7df64a53f39190ada629902", size = 194582, upload-time = "2025-10-12T14:55:20.501Z" }
wheels = [
    { url = "https://files.pythonhosted.org/packages/0e/61/66938bbb5fc52dbdf84594873d5b51fb1f7c7794e9c0f5bd885f30bc507b/idna-3.11-py3-none-any.whl", hash = "sha256:771a87f49d9defaf64091e6e6fe9c18d4833f140bd19464795bc32d966ca37ea", size = 71008, upload-time = "2025-10-12T14:55:18.883Z" },
]

[[package]]
name = "itsdangerous"
version = "2.2.0"
source = { registry = "https://pypi.org/simple" }
sdist = { url = "https://files.pythonhosted.org/packages/9c/cb/8ac0172223afbccb63986cc25049b154ecfb5e85932587206f42317be31d/itsdangerous-2.2.0.tar.gz", hash = "sha256:e0050c0b7da1eea53ffaf149c0cfbb5c6e2e2b69c4bef22c81fa6eb73e5f6173", size = 54410, upload-time = "2024-04-16T21:28:15.614Z" }
wheels = [
    { url = "https://files.pythonhosted.org/packages/04/96/92447566d16df59b2a776c0fb82dbc4d9e07cd95062562af01e408583fc4/itsdangerous-2.2.0-py3-none-any.whl", hash = "sha256:c6242fc49e35958c8b15141343aa660db5fc54d4f13a1db01a3f5891b98700ef", size = 16234, upload-time = "2024-04-16T21:28:14.499Z" },
]

[[package]]
name = "jinja2"
version = "3.1.6"
source = { registry = "https://pypi.org/simple" }
dependencies = [
    { name = "markupsafe" },
]
sdist = { url = "https://files.pythonhosted.org/packages/df/bf/f7da0350254c0ed7c72f3e33cef02e048281fec7ecec5f032d4aac52226b/jinja2-3.1.6.tar.gz", hash = "sha256:0137fb05990d35f1275a587e9aee6d56da821fc83491a0fb838183be43f66d6d", size = 245115, upload-time = "2025-03-05T20:05:02.478Z" }
wheels = [
    { url = "https://files.pythonhosted.org/packages/62/a1/3d680cbfd5f4b8f15abc1d571870c5fc3e594bb582bc3b64ea099db13e56/jinja2-3.1.6-py3-none-any.whl", hash = "sha256:85ece4451f492d0c13c5dd7c13a64681a86afae63a5f347908daf103ce6d2f67", size = 134899, upload-time = "2025-03-05T20:05:00.369Z" },
]

[[package]]
name = "markupsafe"
version = "3.0.3"
source = { registry = "https://pypi.org/simple" }
sdist = { url = "https://files.pythonhosted.org/packages/7e/99/7690b6d4034fffd95959cbe0c02de8deb3098cc577c67bb6a24fe5d7caa7/markupsafe-3.0.3.tar.gz", hash = "sha256:722695808f4b6457b320fdc131280796bdceb04ab50fe1795cd540799ebe1698", size = 80313, upload-time = "2025-09-27T18:37:40.426Z" }
wheels = [
    { url = "https://files.pythonhosted.org/packages/5a/72/147da192e38635ada20e0a2e1a51cf8823d2119ce8883f7053879c2199b5/markupsafe-3.0.3-cp312-cp312-macosx_10_13_x86_64.whl", hash = "sha256:d53197da72cc091b024dd97249dfc7794d6a56530370992a5e1a08983ad9230e", size = 11615, upload-time = "2025-09-27T18:36:30.854Z" },
    { url = "https://files.pythonhosted.org/packages/9a/81/7e4e08678a1f98521201c3079f77db69fb552acd56067661f8c2f534a718/markupsafe-3.0.3-cp312-cp312-macosx_11_0_arm64.whl", hash = "sha256:1872df69a4de6aead3491198eaf13810b565bdbeec3ae2dc8780f14458ec73ce", size = 12020, upload-time = "2025-09-27T18:36:31.971Z" },
    { url = "https://files.pythonhosted.org/packages/1e/2c/799f4742efc39633a1b54a92eec4082e4f815314869865d876824c257c1e/markupsafe-3.0.3-cp312-cp312-manylinux2014_aarch64.manylinux_2_17_aarch64.manylinux_2_28_aarch64.whl", hash = "sha256:3a7e8ae81ae39e62a41ec302f972ba6ae23a5c5396c8e60113e9066ef893da0d", size = 24332, upload-time = "2025-09-27T18:36:32.813Z" },
    { url = "https://files.pythonhosted.org/packages/3c/2e/8d0c2ab90a8c1d9a24f0399058ab8519a3279d1bd4289511d74e909f060e/markupsafe-3.0.3-cp312-cp312-manylinux2014_x86_64.manylinux_2_17_x86_64.manylinux_2_28_x86_64.whl", hash = "sha256:d6dd0be5b5b189d31db7cda48b91d7e0a9795f31430b7f271219ab30f1d3ac9d", size = 22947, upload-time = "2025-09-27T18:36:33.86Z" },
    { url = "https://files.pythonhosted.org/packages/2c/54/887f3092a85238093a0b2154bd629c89444f395618842e8b0c41783898ea/markupsafe-3.0.3-cp312-cp312-manylinux_2_31_riscv64.manylinux_2_39_riscv64.whl", hash = "sha256:94c6f0bb423f739146aec64595853541634bde58b2135f27f61c1ffd1cd4d16a", size = 21962, upload-time = "2025-09-27T18:36:35.099Z" },
    { url = "https://files.pythonhosted.org/packages/c9/2f/336b8c7b6f4a4d95e91119dc8521402461b74a485558d8f238a68312f11c/markupsafe-3.0.3-cp312-cp312-musllinux_1_2_aarch64.whl", hash = "sha256:be8813b57049a7dc738189df53d69395eba14fb99345e0a5994914a3864c8a4b", size = 23760, upload-time = "2025-09-27T18:36:36.001Z" },
    { url = "https://files.pythonhosted.org/packages/32/43/67935f2b7e4982ffb50a4d169b724d74b62a3964bc1a9a527f5ac4f1ee2b/markupsafe-3.0.3-cp312-cp312-musllinux_1_2_riscv64.whl", hash = "sha256:83891d0e9fb81a825d9a6d61e3f07550ca70a076484292a70fde82c4b807286f", size = 21529, upload-time = "2025-09-27T18:36:36.906Z" },
    { url = "https://files.pythonhosted.org/packages/89/e0/4486f11e51bbba8b0c041098859e869e304d1c261e59244baa3d295d47b7/markupsafe-3.0.3-cp312-cp312-musllinux_1_2_x86_64.whl", hash = "sha256:77f0643abe7495da77fb436f50f8dab76dbc6e5fd25d39589a0f1fe6548bfa2b", size = 23015, upload-time = "2025-09-27T18:36:37.868Z" },
    { url = "https://files.pythonhosted.org/packages/2f/e1/78ee7a023dac597a5825441ebd17170785a9dab23de95d2c7508ade94e0e/markupsafe-3.0.3-cp312-cp312-win32.whl", hash = "sha256:d88b440e37a16e651bda4c7c2b930eb586fd15ca7406cb39e211fcff3bf3017d", size = 14540, upload-time = "2025-09-27T18:36:38.761Z" },
    { url = "https://files.pythonhosted.org/packages/aa/5b/bec5aa9bbbb2c946ca2733ef9c4ca91c91b6a24580193e891b5f7dbe8e1e/markupsafe-3.0.3-cp312-cp312-win_amd64.whl", hash = "sha256:26a5784ded40c9e318cfc2bdb30fe164bdb8665ded9cd64d500a34fb42067b1c", size = 15105, upload-time = "2025-09-27T18:36:39.701Z" },
    { url = "https://files.pythonhosted.org/packages/e5/f1/216fc1bbfd74011693a4fd837e7026152e89c4bcf3e77b6692fba9923123/markupsafe-3.0.3-cp312-cp312-win_arm64.whl", hash = "sha256:35add3b638a5d900e807944a078b51922212fb3dedb01633a8defc4b01a3c85f", size = 13906, upload-time = "2025-09-27T18:36:40.689Z" },
]

[[package]]
name = "multidict"
version = "6.7.1"
source = { registry = "https://pypi.org/simple" }
sdist = { url = "https://files.pythonhosted.org/packages/1a/c2/c2d94cbe6ac1753f3fc980da97b3d930efe1da3af3c9f5125354436c073d/multidict-6.7.1.tar.gz", hash = "sha256:ec6652a1bee61c53a3e5776b6049172c53b6aaba34f18c9ad04f82712bac623d", size = 102010, upload-time = "2026-01-26T02:46:45.979Z" }
wheels = [
    { url = "https://files.pythonhosted.org/packages/8d/9c/f20e0e2cf80e4b2e4b1c365bf5fe104ee633c751a724246262db8f1a0b13/multidict-6.7.1-cp312-cp312-macosx_10_13_universal2.whl", hash = "sha256:a90f75c956e32891a4eda3639ce6dd86e87105271f43d43442a3aedf3cddf172", size = 76893, upload-time = "2026-01-26T02:43:52.754Z" },
    { url = "https://files.pythonhosted.org/packages/fe/cf/18ef143a81610136d3da8193da9d80bfe1cb548a1e2d1c775f26b23d024a/multidict-6.7.1-cp312-cp312-macosx_10_13_x86_64.whl", hash = "sha256:3fccb473e87eaa1382689053e4a4618e7ba7b9b9b8d6adf2027ee474597128cd", size = 45456, upload-time = "2026-01-26T02:43:53.893Z" },
    { url = "https://files.pythonhosted.org/packages/a9/65/1caac9d4cd32e8433908683446eebc953e82d22b03d10d41a5f0fefe991b/multidict-6.7.1-cp312-cp312-macosx_11_0_arm64.whl", hash = "sha256:b0fa96985700739c4c7853a43c0b3e169360d6855780021bfc6d0f1ce7c123e7", size = 43872, upload-time = "2026-01-26T02:43:55.041Z" },
    { url = "https://files.pythonhosted.org/packages/cf/3b/d6bd75dc4f3ff7c73766e04e705b00ed6dbbaccf670d9e05a12b006f5a21/multidict-6.7.1-cp312-cp312-manylinux1_i686.manylinux_2_28_i686.manylinux_2_5_i686.whl", hash = "sha256:cb2a55f408c3043e42b40cc8eecd575afa27b7e0b956dfb190de0f8499a57a53", size = 251018, upload-time = "2026-01-26T02:43:56.198Z" },
    { url = "https://files.pythonhosted.org/packages/fd/80/c959c5933adedb9ac15152e4067c702a808ea183a8b64cf8f31af8ad3155/multidict-6.7.1-cp312-cp312-manylinux2014_aarch64.manylinux_2_17_aarch64.manylinux_2_28_aarch64.whl", hash = "sha256:eb0ce7b2a32d09892b3dd6cc44877a0d02a33241fafca5f25c8b6b62374f8b75", size = 258883, upload-time = "2026-01-26T02:43:57.499Z" },
    { url = "https://files.pythonhosted.org/packages/86/85/7ed40adafea3d4f1c8b916e3b5cc3a8e07dfcdcb9cd72800f4ed3ca1b387/multidict-6.7.1-cp312-cp312-manylinux2014_armv7l.manylinux_2_17_armv7l.manylinux_2_31_armv7l.whl", hash = "sha256:c3a32d23520ee37bf327d1e1a656fec76a2edd5c038bf43eddfa0572ec49c60b", size = 242413, upload-time = "2026-01-26T02:43:58.755Z" },
    { url = "https://files.pythonhosted.org/packages/d2/57/b8565ff533e48595503c785f8361ff9a4fde4d67de25c207cd0ba3befd03/multidict-6.7.1-cp312-cp312-manylinux2014_ppc64le.manylinux_2_17_ppc64le.manylinux_2_28_ppc64le.whl", hash = "sha256:9c90fed18bffc0189ba814749fdcc102b536e83a9f738a9003e569acd540a733", size = 268404, upload-time = "2026-01-26T02:44:00.216Z" },
    { url = "https://files.pythonhosted.org/packages/e0/50/9810c5c29350f7258180dfdcb2e52783a0632862eb334c4896ac717cebcb/multidict-6.7.1-cp312-cp312-manylinux2014_s390x.manylinux_2_17_s390x.manylinux_2_28_s390x.whl", hash = "sha256:da62917e6076f512daccfbbde27f46fed1c98fee202f0559adec8ee0de67f71a", size = 269456, upload-time = "2026-01-26T02:44:02.202Z" },
    { url = "https://files.pythonhosted.org/packages/f3/8d/5e5be3ced1d12966fefb5c4ea3b2a5b480afcea36406559442c6e31d4a48/multidict-6.7.1-cp312-cp312-manylinux2014_x86_64.manylinux_2_17_x86_64.manylinux_2_28_x86_64.whl", hash = "sha256:bfde23ef6ed9db7eaee6c37dcec08524cb43903c60b285b172b6c094711b3961", size = 256322, upload-time = "2026-01-26T02:44:03.56Z" },
    { url = "https://files.pythonhosted.org/packages/31/6e/d8a26d81ac166a5592782d208dd90dfdc0a7a218adaa52b45a672b46c122/multidict-6.7.1-cp312-cp312-musllinux_1_2_aarch64.whl", hash = "sha256:3758692429e4e32f1ba0df23219cd0b4fc0a52f476726fff9337d1a57676a582", size = 253955, upload-time = "2026-01-26T02:44:04.845Z" },
    { url = "https://files.pythonhosted.org/packages/59/4c/7c672c8aad41534ba619bcd4ade7a0dc87ed6b8b5c06149b85d3dd03f0cd/multidict-6.7.1-cp312-cp312-musllinux_1_2_armv7l.whl", hash = "sha256:398c1478926eca669f2fd6a5856b6de9c0acf23a2cb59a14c0ba5844fa38077e", size = 251254, upload-time = "2026-01-26T02:44:06.133Z" },
    { url = "https://files.pythonhosted.org/packages/7b/bd/84c24de512cbafbdbc39439f74e967f19570ce7924e3007174a29c348916/multidict-6.7.1-cp312-cp312-musllinux_1_2_i686.whl", hash = "sha256:c102791b1c4f3ab36ce4101154549105a53dc828f016356b3e3bcae2e3a039d3", size = 252059, upload-time = "2026-01-26T02:44:07.518Z" },
    { url = "https://files.pythonhosted.org/packages/fa/ba/f5449385510825b73d01c2d4087bf6d2fccc20a2d42ac34df93191d3dd03/multidict-6.7.1-cp312-cp312-musllinux_1_2_ppc64le.whl", hash = "sha256:a088b62bd733e2ad12c50dad01b7d0166c30287c166e137433d3b410add807a6", size = 263588, upload-time = "2026-01-26T02:44:09.382Z" },
    { url = "https://files.pythonhosted.org/packages/d7/11/afc7c677f68f75c84a69fe37184f0f82fce13ce4b92f49f3db280b7e92b3/multidict-6.7.1-cp312-cp312-musllinux_1_2_s390x.whl", hash = "sha256:3d51ff4785d58d3f6c91bdbffcb5e1f7ddfda557727043aa20d20ec4f65e324a", size = 259642, upload-time = "2026-01-26T02:44:10.73Z" },
    { url = "https://files.pythonhosted.org/packages/2b/17/ebb9644da78c4ab36403739e0e6e0e30ebb135b9caf3440825001a0bddcb/multidict-6.7.1-cp312-cp312-musllinux_1_2_x86_64.whl", hash = "sha256:fc5907494fccf3e7d3f94f95c91d6336b092b5fc83811720fae5e2765890dfba", size = 251377, upload-time = "2026-01-26T02:44:12.042Z" },
    { url = "https://files.pythonhosted.org/packages/ca/a4/840f5b97339e27846c46307f2530a2805d9d537d8b8bd416af031cad7fa0/multidict-6.7.1-cp312-cp312-win32.whl", hash = "sha256:28ca5ce2fd9716631133d0e9a9b9a745ad7f60bac2bccafb56aa380fc0b6c511", size = 41887, upload-time = "2026-01-26T02:44:14.245Z" },
    { url = "https://files.pythonhosted.org/packages/80/31/0b2517913687895f5904325c2069d6a3b78f66cc641a86a2baf75a05dcbb/multidict-6.7.1-cp312-cp312-win_amd64.whl", hash = "sha256:fcee94dfbd638784645b066074b338bc9cc155d4b4bffa4adce1615c5a426c19", size = 46053, upload-time = "2026-01-26T02:44:15.371Z" },
    { url = "https://files.pythonhosted.org/packages/0c/5b/aba28e4ee4006ae4c7df8d327d31025d760ffa992ea23812a601d226e682/multidict-6.7.1-cp312-cp312-win_arm64.whl", hash = "sha256:ba0a9fb644d0c1a2194cf7ffb043bd852cea63a57f66fbd33959f7dae18517bf", size = 43307, upload-time = "2026-01-26T02:44:16.852Z" },
    { url = "https://files.pythonhosted.org/packages/81/08/7036c080d7117f28a4af526d794aab6a84463126db031b007717c1a6676e/multidict-6.7.1-py3-none-any.whl", hash = "sha256:55d97cc6dae627efa6a6e548885712d4864b81110ac76fa4e534c03819fa4a56", size = 12319, upload-time = "2026-01-26T02:46:44.004Z" },
]

[[package]]
name = "propcache"
version = "0.4.1"
source = { registry = "https://pypi.org/simple" }
sdist = { url = "https://files.pythonhosted.org/packages/9e/da/e9fc233cf63743258bff22b3dfa7ea5baef7b5bc324af47a0ad89b8ffc6f/propcache-0.4.1.tar.gz", hash = "sha256:f48107a8c637e80362555f37ecf49abe20370e557cc4ab374f04ec4423c97c3d", size = 46442, upload-time = "2025-10-08T19:49:02.291Z" }
wheels = [
    { url = "https://files.pythonhosted.org/packages/a2/0f/f17b1b2b221d5ca28b4b876e8bb046ac40466513960646bda8e1853cdfa2/propcache-0.4.1-cp312-cp312-macosx_10_13_universal2.whl", hash = "sha256:e153e9cd40cc8945138822807139367f256f89c6810c2634a4f6902b52d3b4e2", size = 80061, upload-time = "2025-10-08T19:46:46.075Z" },
    { url = "https://files.pythonhosted.org/packages/76/47/8ccf75935f51448ba9a16a71b783eb7ef6b9ee60f5d14c7f8a8a79fbeed7/propcache-0.4.1-cp312-cp312-macosx_10_13_x86_64.whl", hash = "sha256:cd547953428f7abb73c5ad82cbb32109566204260d98e41e5dfdc682eb7f8403", size = 46037, upload-time = "2025-10-08T19:46:47.23Z" },
    { url = "https://files.pythonhosted.org/packages/0a/b6/5c9a0e42df4d00bfb4a3cbbe5cf9f54260300c88a0e9af1f47ca5ce17ac0/propcache-0.4.1-cp312-cp312-macosx_11_0_arm64.whl", hash = "sha256:f048da1b4f243fc44f205dfd320933a951b8d89e0afd4c7cacc762a8b9165207", size = 47324, upload-time = "2025-10-08T19:46:48.384Z" },
    { url = "https://files.pythonhosted.org/packages/9e/d3/6c7ee328b39a81ee877c962469f1e795f9db87f925251efeb0545e0020d0/propcache-0.4.1-cp312-cp312-manylinux2014_aarch64.manylinux_2_17_aarch64.manylinux_2_28_aarch64.whl", hash = "sha256:ec17c65562a827bba85e3872ead335f95405ea1674860d96483a02f5c698fa72", size = 225505, upload-time = "2025-10-08T19:46:50.055Z" },
    { url = "https://files.pythonhosted.org/packages/01/5d/1c53f4563490b1d06a684742cc6076ef944bc6457df6051b7d1a877c057b/propcache-0.4.1-cp312-cp312-manylinux2014_ppc64le.manylinux_2_17_ppc64le.manylinux_2_28_ppc64le.whl", hash = "sha256:405aac25c6394ef275dee4c709be43745d36674b223ba4eb7144bf4d691b7367", size = 230242, upload-time = "2025-10-08T19:46:51.815Z" },
    { url = "https://files.pythonhosted.org/packages/20/e1/ce4620633b0e2422207c3cb774a0ee61cac13abc6217763a7b9e2e3f4a12/propcache-0.4.1-cp312-cp312-manylinux2014_s390x.manylinux_2_17_s390x.manylinux_2_28_s390x.whl", hash = "sha256:0013cb6f8dde4b2a2f66903b8ba740bdfe378c943c4377a200551ceb27f379e4", size = 238474, upload-time = "2025-10-08T19:46:53.208Z" },
    { url = "https://files.pythonhosted.org/packages/46/4b/3aae6835b8e5f44ea6a68348ad90f78134047b503765087be2f9912140ea/propcache-0.4.1-cp312-cp312-manylinux2014_x86_64.manylinux_2_17_x86_64.manylinux_2_28_x86_64.whl", hash = "sha256:15932ab57837c3368b024473a525e25d316d8353016e7cc0e5ba9eb343fbb1cf", size = 221575, upload-time = "2025-10-08T19:46:54.511Z" },
    { url = "https://files.pythonhosted.org/packages/6e/a5/8a5e8678bcc9d3a1a15b9a29165640d64762d424a16af543f00629c87338/propcache-0.4.1-cp312-cp312-musllinux_1_2_aarch64.whl", hash = "sha256:031dce78b9dc099f4c29785d9cf5577a3faf9ebf74ecbd3c856a7b92768c3df3", size = 216736, upload-time = "2025-10-08T19:46:56.212Z" },
    { url = "https://files.pythonhosted.org/packages/f1/63/b7b215eddeac83ca1c6b934f89d09a625aa9ee4ba158338854c87210cc36/propcache-0.4.1-cp312-cp312-musllinux_1_2_armv7l.whl", hash = "sha256:ab08df6c9a035bee56e31af99be621526bd237bea9f32def431c656b29e41778", size = 213019, upload-time = "2025-10-08T19:46:57.595Z" },
    { url = "https://files.pythonhosted.org/packages/57/74/f580099a58c8af587cac7ba19ee7cb418506342fbbe2d4a4401661cca886/propcache-0.4.1-cp312-cp312-musllinux_1_2_ppc64le.whl", hash = "sha256:4d7af63f9f93fe593afbf104c21b3b15868efb2c21d07d8732c0c4287e66b6a6", size = 220376, upload-time = "2025-10-08T19:46:59.067Z" },
    { url = "https://files.pythonhosted.org/packages/c4/ee/542f1313aff7eaf19c2bb758c5d0560d2683dac001a1c96d0774af799843/propcache-0.4.1-cp312-cp312-musllinux_1_2_s390x.whl", hash = "sha256:cfc27c945f422e8b5071b6e93169679e4eb5bf73bbcbf1ba3ae3a83d2f78ebd9", size = 226988, upload-time = "2025-10-08T19:47:00.544Z" },
    { url = "https://files.pythonhosted.org/packages/8f/18/9c6b015dd9c6930f6ce2229e1f02fb35298b847f2087ea2b436a5bfa7287/propcache-0.4.1-cp312-cp312-musllinux_1_2_x86_64.whl", hash = "sha256:35c3277624a080cc6ec6f847cbbbb5b49affa3598c4535a0a4682a697aaa5c75", size = 215615, upload-time = "2025-10-08T19:47:01.968Z" },
    { url = "https://files.pythonhosted.org/packages/80/9e/e7b85720b98c45a45e1fca6a177024934dc9bc5f4d5dd04207f216fc33ed/propcache-0.4.1-cp312-cp312-win32.whl", hash = "sha256:671538c2262dadb5ba6395e26c1731e1d52534bfe9ae56d0b5573ce539266aa8", size = 38066, upload-time = "2025-10-08T19:47:03.503Z" },
    { url = "https://files.pythonhosted.org/packages/54/09/d19cff2a5aaac632ec8fc03737b223597b1e347416934c1b3a7df079784c/propcache-0.4.1-cp312-cp312-win_amd64.whl", hash = "sha256:cb2d222e72399fcf5890d1d5cc1060857b9b236adff2792ff48ca2dfd46c81db", size = 41655, upload-time = "2025-10-08T19:47:04.973Z" },
    { url = "https://files.pythonhosted.org/packages/68/ab/6b5c191bb5de08036a8c697b265d4ca76148efb10fa162f14af14fb5f076/propcache-0.4.1-cp312-cp312-win_arm64.whl", hash = "sha256:204483131fb222bdaaeeea9f9e6c6ed0cac32731f75dfc1d4a567fc1926477c1", size = 37789, upload-time = "2025-10-08T19:47:06.077Z" },
    { url = "https://files.pythonhosted.org/packages/5b/5a/bc7b4a4ef808fa59a816c17b20c4bef6884daebbdf627ff2a161da67da19/propcache-0.4.1-py3-none-any.whl", hash = "sha256:af2a6052aeb6cf17d3e46ee169099044fd8224cbaf75c76a2ef596e8163e2237", size = 13305, upload-time = "2025-10-08T19:49:00.792Z" },
]

[[package]]
name = "pyasn1"
version = "0.6.3"
source = { registry = "https://pypi.org/simple" }
sdist = { url = "https://files.pythonhosted.org/packages/5c/5f/6583902b6f79b399c9c40674ac384fd9cd77805f9e6205075f828ef11fb2/pyasn1-0.6.3.tar.gz", hash = "sha256:697a8ecd6d98891189184ca1fa05d1bb00e2f84b5977c481452050549c8a72cf", size = 148685, upload-time = "2026-03-17T01:06:53.382Z" }
wheels = [
    { url = "https://files.pythonhosted.org/packages/5d/a0/7d793dce3fa811fe047d6ae2431c672364b462850c6235ae306c0efd025f/pyasn1-0.6.3-py3-none-any.whl", hash = "sha256:a80184d120f0864a52a073acc6fc642847d0be408e7c7252f31390c0f4eadcde", size = 83997, upload-time = "2026-03-17T01:06:52.036Z" },
]

[[package]]
name = "python-dotenv"
version = "1.2.2"
source = { registry = "https://pypi.org/simple" }
sdist = { url = "https://files.pythonhosted.org/packages/82/ed/0301aeeac3e5353ef3d94b6ec08bbcabd04a72018415dcb29e588514bba8/python_dotenv-1.2.2.tar.gz", hash = "sha256:2c371a91fbd7ba082c2c1dc1f8bf89ca22564a087c2c287cd9b662adde799cf3", size = 50135, upload-time = "2026-03-01T16:00:26.196Z" }
wheels = [
    { url = "https://files.pythonhosted.org/packages/0b/d7/1959b9648791274998a9c3526f6d0ec8fd2233e4d4acce81bbae76b44b2a/python_dotenv-1.2.2-py3-none-any.whl", hash = "sha256:1d8214789a24de455a8b8bd8ae6fe3c6b69a5e3d64aa8a8e5d68e694bbcb285a", size = 22101, upload-time = "2026-03-01T16:00:25.09Z" },
]

[[package]]
name = "rsa"
version = "4.9.1"
source = { registry = "https://pypi.org/simple" }
dependencies = [
    { name = "pyasn1" },
]
sdist = { url = "https://files.pythonhosted.org/packages/da/8a/22b7beea3ee0d44b1916c0c1cb0ee3af23b700b6da9f04991899d0c555d4/rsa-4.9.1.tar.gz", hash = "sha256:e7bdbfdb5497da4c07dfd35530e1a902659db6ff241e39d9953cad06ebd0ae75", size = 29034, upload-time = "2025-04-16T09:51:18.218Z" }
wheels = [
    { url = "https://files.pythonhosted.org/packages/64/8d/0133e4eb4beed9e425d9a98ed6e081a55d195481b7632472be1af08d2f6b/rsa-4.9.1-py3-none-any.whl", hash = "sha256:68635866661c6836b8d39430f97a996acbd61bfa49406748ea243539fe239762", size = 34696, upload-time = "2025-04-16T09:51:17.142Z" },
]

[[package]]
name = "soupsieve"
version = "2.8.3"
source = { registry = "https://pypi.org/simple" }
sdist = { url = "https://files.pythonhosted.org/packages/7b/ae/2d9c981590ed9999a0d91755b47fc74f74de286b0f5cee14c9269041e6c4/soupsieve-2.8.3.tar.gz", hash = "sha256:3267f1eeea4251fb42728b6dfb746edc9acaffc4a45b27e19450b676586e8349", size = 118627, upload-time = "2026-01-20T04:27:02.457Z" }
wheels = [
    { url = "https://files.pythonhosted.org/packages/46/2c/1462b1d0a634697ae9e55b3cecdcb64788e8b7d63f54d923fcd0bb140aed/soupsieve-2.8.3-py3-none-any.whl", hash = "sha256:ed64f2ba4eebeab06cc4962affce381647455978ffc1e36bb79a545b91f45a95", size = 37016, upload-time = "2026-01-20T04:27:01.012Z" },
]

[[package]]
name = "steam-monitor"
version = "0.1.0"
source = { virtual = "." }
dependencies = [
    { name = "dotenv" },
    { name = "flask" },
    { name = "steamio" },
]

[package.metadata]
requires-dist = [
    { name = "dotenv", specifier = ">=0.9.9" },
    { name = "flask", specifier = ">=3.1.3" },
    { name = "steamio", specifier = ">=0.5.2" },
]

[[package]]
name = "steamio"
version = "0.5.2"
source = { registry = "https://pypi.org/simple" }
dependencies = [
    { name = "aiohttp" },
    { name = "beautifulsoup4" },
    { name = "betterproto" },
    { name = "rsa" },
    { name = "typing-extensions" },
]
sdist = { url = "https://files.pythonhosted.org/packages/8e/c5/cf89b6e816f6925ac9234243f9e740eb0ecfccd491a86371f9528c86009f/steamio-0.5.2.tar.gz", hash = "sha256:dfe7358fe216f335d798d7f8f1a53218d24dc92b8ac772a27ddb75cc689dfa05", size = 154965, upload-time = "2020-11-01T21:47:59.296Z" }
wheels = [
    { url = "https://files.pythonhosted.org/packages/e8/14/2e153337598dd1a687071a0d0c0f7a0bc46cb02dc5fb782dd622dbc46055/steamio-0.5.2-py3-none-any.whl", hash = "sha256:52ca31404c31961d360b66fb472e4c8aabc2a84106639918e46503e125e5a55c", size = 195981, upload-time = "2020-11-01T21:47:58.285Z" },
]

[[package]]
name = "stringcase"
version = "1.2.0"
source = { registry = "https://pypi.org/simple" }
sdist = { url = "https://files.pythonhosted.org/packages/f3/1f/1241aa3d66e8dc1612427b17885f5fcd9c9ee3079fc0d28e9a3aeeb36fa3/stringcase-1.2.0.tar.gz", hash = "sha256:48a06980661908efe8d9d34eab2b6c13aefa2163b3ced26972902e3bdfd87008", size = 2958, upload-time = "2017-08-06T01:40:57.021Z" }

[[package]]
name = "typing-extensions"
version = "4.15.0"
source = { registry = "https://pypi.org/simple" }
sdist = { url = "https://files.pythonhosted.org/packages/72/94/1a15dd82efb362ac84269196e94cf00f187f7ed21c242792a923cdb1c61f/typing_extensions-4.15.0.tar.gz", hash = "sha256:0cea48d173cc12fa28ecabc3b837ea3cf6f38c6d1136f85cbaaf598984861466", size = 109391, upload-time = "2025-08-25T13:49:26.313Z" }
wheels = [
    { url = "https://files.pythonhosted.org/packages/18/67/36e9267722cc04a6b9f15c7f3441c2363321a3ea07da7ae0c0707beb2a9c/typing_extensions-4.15.0-py3-none-any.whl", hash = "sha256:f0fa19c6845758ab08074a0cfa8b7aecb71c999ca73d62883bc25cc018c4e548", size = 44614, upload-time = "2025-08-25T13:49:24.86Z" },
]

[[package]]
name = "werkzeug"
version = "3.1.6"
source = { registry = "https://pypi.org/simple" }
dependencies = [
    { name = "markupsafe" },
]
sdist = { url = "https://files.pythonhosted.org/packages/61/f1/ee81806690a87dab5f5653c1f146c92bc066d7f4cebc603ef88eb9e13957/werkzeug-3.1.6.tar.gz", hash = "sha256:210c6bede5a420a913956b4791a7f4d6843a43b6fcee4dfa08a65e93007d0d25", size = 864736, upload-time = "2026-02-19T15:17:18.884Z" }
wheels = [
    { url = "https://files.pythonhosted.org/packages/4d/ec/d58832f89ede95652fd01f4f24236af7d32b70cab2196dfcc2d2fd13c5c2/werkzeug-3.1.6-py3-none-any.whl", hash = "sha256:7ddf3357bb9564e407607f988f683d72038551200c704012bb9a4c523d42f131", size = 225166, upload-time = "2026-02-19T15:17:17.475Z" },
]

[[package]]
name = "yarl"
version = "1.23.0"
source = { registry = "https://pypi.org/simple" }
dependencies = [
    { name = "idna" },
    { name = "multidict" },
    { name = "propcache" },
]
sdist = { url = "https://files.pythonhosted.org/packages/23/6e/beb1beec874a72f23815c1434518bfc4ed2175065173fb138c3705f658d4/yarl-1.23.0.tar.gz", hash = "sha256:53b1ea6ca88ebd4420379c330aea57e258408dd0df9af0992e5de2078dc9f5d5", size = 194676, upload-time = "2026-03-01T22:07:53.373Z" }
wheels = [
    { url = "https://files.pythonhosted.org/packages/88/8a/94615bc31022f711add374097ad4144d569e95ff3c38d39215d07ac153a0/yarl-1.23.0-cp312-cp312-macosx_10_13_universal2.whl", hash = "sha256:1932b6b8bba8d0160a9d1078aae5838a66039e8832d41d2992daa9a3a08f7860", size = 124737, upload-time = "2026-03-01T22:05:12.897Z" },
    { url = "https://files.pythonhosted.org/packages/e3/6f/c6554045d59d64052698add01226bc867b52fe4a12373415d7991fdca95d/yarl-1.23.0-cp312-cp312-macosx_10_13_x86_64.whl", hash = "sha256:411225bae281f114067578891bc75534cfb3d92a3b4dfef7a6ca78ba354e6069", size = 87029, upload-time = "2026-03-01T22:05:14.376Z" },
    { url = "https://files.pythonhosted.org/packages/19/2a/725ecc166d53438bc88f76822ed4b1e3b10756e790bafd7b523fe97c322d/yarl-1.23.0-cp312-cp312-macosx_11_0_arm64.whl", hash = "sha256:13a563739ae600a631c36ce096615fe307f131344588b0bc0daec108cdb47b25", size = 86310, upload-time = "2026-03-01T22:05:15.71Z" },
    { url = "https://files.pythonhosted.org/packages/99/30/58260ed98e6ff7f90ba84442c1ddd758c9170d70327394a6227b310cd60f/yarl-1.23.0-cp312-cp312-manylinux2014_aarch64.manylinux_2_17_aarch64.manylinux_2_28_aarch64.whl", hash = "sha256:9cbf44c5cb4a7633d078788e1b56387e3d3cf2b8139a3be38040b22d6c3221c8", size = 97587, upload-time = "2026-03-01T22:05:17.384Z" },
    { url = "https://files.pythonhosted.org/packages/76/0a/8b08aac08b50682e65759f7f8dde98ae8168f72487e7357a5d684c581ef9/yarl-1.23.0-cp312-cp312-manylinux2014_armv7l.manylinux_2_17_armv7l.manylinux_2_31_armv7l.whl", hash = "sha256:53ad387048f6f09a8969631e4de3f1bf70c50e93545d64af4f751b2498755072", size = 92528, upload-time = "2026-03-01T22:05:18.804Z" },
    { url = "https://files.pythonhosted.org/packages/52/07/0b7179101fe5f8385ec6c6bb5d0cb9f76bd9fb4a769591ab6fb5cdbfc69a/yarl-1.23.0-cp312-cp312-manylinux2014_ppc64le.manylinux_2_17_ppc64le.manylinux_2_28_ppc64le.whl", hash = "sha256:4a59ba56f340334766f3a4442e0efd0af895fae9e2b204741ef885c446b3a1a8", size = 105339, upload-time = "2026-03-01T22:05:20.235Z" },
    { url = "https://files.pythonhosted.org/packages/d3/8a/36d82869ab5ec829ca8574dfcb92b51286fcfb1e9c7a73659616362dc880/yarl-1.23.0-cp312-cp312-manylinux2014_s390x.manylinux_2_17_s390x.manylinux_2_28_s390x.whl", hash = "sha256:803a3c3ce4acc62eaf01eaca1208dcf0783025ef27572c3336502b9c232005e7", size = 105061, upload-time = "2026-03-01T22:05:22.268Z" },
    { url = "https://files.pythonhosted.org/packages/66/3e/868e5c3364b6cee19ff3e1a122194fa4ce51def02c61023970442162859e/yarl-1.23.0-cp312-cp312-manylinux2014_x86_64.manylinux_2_17_x86_64.manylinux_2_28_x86_64.whl", hash = "sha256:a3d2bff8f37f8d0f96c7ec554d16945050d54462d6e95414babaa18bfafc7f51", size = 100132, upload-time = "2026-03-01T22:05:23.638Z" },
    { url = "https://files.pythonhosted.org/packages/cf/26/9c89acf82f08a52cb52d6d39454f8d18af15f9d386a23795389d1d423823/yarl-1.23.0-cp312-cp312-manylinux_2_31_riscv64.manylinux_2_39_riscv64.whl", hash = "sha256:c75eb09e8d55bceb4367e83496ff8ef2bc7ea6960efb38e978e8073ea59ecb67", size = 99289, upload-time = "2026-03-01T22:05:25.749Z" },
    { url = "https://files.pythonhosted.org/packages/6f/54/5b0db00d2cb056922356104468019c0a132e89c8d3ab67d8ede9f4483d2a/yarl-1.23.0-cp312-cp312-musllinux_1_2_aarch64.whl", hash = "sha256:877b0738624280e34c55680d6054a307aa94f7d52fa0e3034a9cc6e790871da7", size = 96950, upload-time = "2026-03-01T22:05:27.318Z" },
    { url = "https://files.pythonhosted.org/packages/f6/40/10fa93811fd439341fad7e0718a86aca0de9548023bbb403668d6555acab/yarl-1.23.0-cp312-cp312-musllinux_1_2_armv7l.whl", hash = "sha256:b5405bb8f0e783a988172993cfc627e4d9d00432d6bbac65a923041edacf997d", size = 93960, upload-time = "2026-03-01T22:05:28.738Z" },
    { url = "https://files.pythonhosted.org/packages/bc/d2/8ae2e6cd77d0805f4526e30ec43b6f9a3dfc542d401ac4990d178e4bf0cf/yarl-1.23.0-cp312-cp312-musllinux_1_2_ppc64le.whl", hash = "sha256:1c3a3598a832590c5a3ce56ab5576361b5688c12cb1d39429cf5dba30b510760", size = 104703, upload-time = "2026-03-01T22:05:30.438Z" },
    { url = "https://files.pythonhosted.org/packages/2f/0c/b3ceacf82c3fe21183ce35fa2acf5320af003d52bc1fcf5915077681142e/yarl-1.23.0-cp312-cp312-musllinux_1_2_riscv64.whl", hash = "sha256:8419ebd326430d1cbb7efb5292330a2cf39114e82df5cc3d83c9a0d5ebeaf2f2", size = 98325, upload-time = "2026-03-01T22:05:31.835Z" },
    { url = "https://files.pythonhosted.org/packages/9d/e0/12900edd28bdab91a69bd2554b85ad7b151f64e8b521fe16f9ad2f56477a/yarl-1.23.0-cp312-cp312-musllinux_1_2_s390x.whl", hash = "sha256:be61f6fff406ca40e3b1d84716fde398fc08bc63dd96d15f3a14230a0973ed86", size = 105067, upload-time = "2026-03-01T22:05:33.358Z" },
    { url = "https://files.pythonhosted.org/packages/15/61/74bb1182cf79c9bbe4eb6b1f14a57a22d7a0be5e9cedf8e2d5c2086474c3/yarl-1.23.0-cp312-cp312-musllinux_1_2_x86_64.whl", hash = "sha256:3ceb13c5c858d01321b5d9bb65e4cf37a92169ea470b70fec6f236b2c9dd7e34", size = 100285, upload-time = "2026-03-01T22:05:35.4Z" },
    { url = "https://files.pythonhosted.org/packages/69/7f/cd5ef733f2550de6241bd8bd8c3febc78158b9d75f197d9c7baa113436af/yarl-1.23.0-cp312-cp312-win32.whl", hash = "sha256:fffc45637bcd6538de8b85f51e3df3223e4ad89bccbfca0481c08c7fc8b7ed7d", size = 82359, upload-time = "2026-03-01T22:05:36.811Z" },
    { url = "https://files.pythonhosted.org/packages/f5/be/25216a49daeeb7af2bec0db22d5e7df08ed1d7c9f65d78b14f3b74fd72fc/yarl-1.23.0-cp312-cp312-win_amd64.whl", hash = "sha256:f69f57305656a4852f2a7203efc661d8c042e6cc67f7acd97d8667fb448a426e", size = 87674, upload-time = "2026-03-01T22:05:38.171Z" },
    { url = "https://files.pythonhosted.org/packages/d2/35/aeab955d6c425b227d5b7247eafb24f2653fedc32f95373a001af5dfeb9e/yarl-1.23.0-cp312-cp312-win_arm64.whl", hash = "sha256:6e87a6e8735b44816e7db0b2fbc9686932df473c826b0d9743148432e10bb9b9", size = 81879, upload-time = "2026-03-01T22:05:40.006Z" },
    { url = "https://files.pythonhosted.org/packages/69/68/c8739671f5699c7dc470580a4f821ef37c32c4cb0b047ce223a7f115757f/yarl-1.23.0-py3-none-any.whl", hash = "sha256:a2df6afe50dea8ae15fa34c9f824a3ee958d785fd5d089063d960bae1daa0a3f", size = 48288, upload-time = "2026-03-01T22:07:51.388Z" },
]
